// !$*UTF8*$!
{
	archiveVersion = 1;
	classes = {
	};
	objectVersion = 46;
	objects = {

/* Begin PBXBuildFile section */
		39AB2E0F1C9FA86D006F5BAD /* main.m in Sources */ = {isa = PBXBuildFile; fileRef = 39AB2E0E1C9FA86D006F5BAD /* main.m */; };
		39AB2E121C9FA86D006F5BAD /* AppDelegate.m in Sources */ = {isa = PBXBuildFile; fileRef = 39AB2E111C9FA86D006F5BAD /* AppDelegate.m */; };
		39AB2E151C9FA86D006F5BAD /* ViewController.m in Sources */ = {isa = PBXBuildFile; fileRef = 39AB2E141C9FA86D006F5BAD /* ViewController.m */; };
		39AB2E181C9FA86D006F5BAD /* Main.storyboard in Resources */ = {isa = PBXBuildFile; fileRef = 39AB2E161C9FA86D006F5BAD /* Main.storyboard */; };
		39AB2E1A1C9FA86D006F5BAD /* Assets.xcassets in Resources */ = {isa = PBXBuildFile; fileRef = 39AB2E191C9FA86D006F5BAD /* Assets.xcassets */; };
		39AB2E1D1C9FA86D006F5BAD /* LaunchScreen.storyboard in Resources */ = {isa = PBXBuildFile; fileRef = 39AB2E1B1C9FA86D006F5BAD /* LaunchScreen.storyboard */; };
		39AB2E271C9FE9E9006F5BAD /* test.pdf in Resources */ = {isa = PBXBuildFile; fileRef = 39AB2E261C9FE9E9006F5BAD /* test.pdf */; };
/* End PBXBuildFile section */

/* Begin PBXFileReference section */
		39AB2E0A1C9FA86D006F5BAD /* web.app */ = {isa = PBXFileReference; explicitFileType = wrapper.application; includeInIndex = 0; path = web.app; sourceTree = BUILT_PRODUCTS_DIR; };
		39AB2E0E1C9FA86D006F5BAD /* main.m */ = {isa = PBXFileReference; lastKnownFileType = sourcecode.c.objc; path = main.m; sourceTree = "<group>"; };
		39AB2E101C9FA86D006F5BAD /* AppDelegate.h */ = {isa = PBXFileReference; lastKnownFileType = sourcecode.c.h; path = AppDelegate.h; sourceTree = "<group>"; };
		39AB2E111C9FA86D006F5BAD /* AppDelegate.m */ = {isa = PBXFileReference; lastKnownFileType = sourcecode.c.objc; path = AppDelegate.m; sourceTree = "<group>"; };
		39AB2E131C9FA86D006F5BAD /* ViewController.h */ = {isa = PBXFileReference; lastKnownFileType = sourcecode.c.h; path = ViewController.h; sourceTree = "<group>"; };
		39AB2E141C9FA86D006F5BAD /* ViewController.m */ = {isa = PBXFileReference; lastKnownFileType = sourcecode.c.objc; path = ViewController.m; sourceTree = "<group>"; };
		39AB2E171C9FA86D006F5BAD /* Base */ = {isa = PBXFileReference; lastKnownFileType = file.storyboard; name = Base; path = Base.lproj/Main.storyboard; sourceTree = "<group>"; };
		39AB2E191C9FA86D006F5BAD /* Assets.xcassets */ = {isa = PBXFileReference; lastKnownFileType = folder.assetcatalog; path = Assets.xcassets; sourceTree = "<group>"; };
		39AB2E1C1C9FA86D006F5BAD /* Base */ = {isa = PBXFileReference; lastKnownFileType = file.storyboard; name = Base; path = Base.lproj/LaunchScreen.storyboard; sourceTree = "<group>"; };
		39AB2E1E1C9FA86D006F5BAD /* Info.plist */ = {isa = PBXFileReference; lastKnownFileType = text.plist.xml; path = Info.plist; sourceTree = "<group>"; };
		39AB2E261C9FE9E9006F5BAD /* test.pdf */ = {isa = PBXFileReference; lastKnownFileType = image.pdf; path = test.pdf; sourceTree = "<group>"; };
/* End PBXFileReference section */

/* Begin PBXFrameworksBuildPhase section */
		39AB2E071C9FA86D006F5BAD /* Frameworks */ = {
			isa = PBXFrameworksBuildPhase;
			buildActionMask = 2147483647;
			files = (
			);
			runOnlyForDeploymentPostprocessing = 0;
		};
/* End PBXFrameworksBuildPhase section */

/* Begin PBXGroup section */
		39AB2E011C9FA86D006F5BAD = {
			isa = PBXGroup;
			children = (
				39AB2E0C1C9FA86D006F5BAD /* web */,
				39AB2E0B1C9FA86D006F5BAD /* Products */,
			);
			sourceTree = "<group>";
		};
		39AB2E0B1C9FA86D006F5BAD /* Products */ = {
			isa = PBXGroup;
			children = (
				39AB2E0A1C9FA86D006F5BAD /* web.app */,
			);
			name = Products;
			sourceTree = "<group>";
		};
		39AB2E0C1C9FA86D006F5BAD /* web */ = {
			isa = PBXGroup;
			children = (
				39AB2E261C9FE9E9006F5BAD /* test.pdf */,
				39AB2E101C9FA86D006F5BAD /* AppDelegate.h */,
				39AB2E111C9FA86D006F5BAD /* AppDelegate.m */,
				39AB2E131C9FA86D006F5BAD /* ViewController.h */,
				39AB2E141C9FA86D006F5BAD /* ViewController.m */,
				39AB2E161C9FA86D006F5BAD /* Main.storyboard */,
				39AB2E191C9FA86D006F5BAD /* Assets.xcassets */,
				39AB2E1B1C9FA86D006F5BAD /* LaunchScreen.storyboard */,
				39AB2E1E1C9FA86D006F5BAD /* Info.plist */,
				39AB2E0D1C9FA86D006F5BAD /* Supporting Files */,
			);
			path = web;
			sourceTree = "<group>";
		};
		39AB2E0D1C9FA86D006F5BAD /* Supporting Files */ = {
			isa = PBXGroup;
			children = (
				39AB2E0E1C9FA86D006F5BAD /* main.m */,
			);
			name = "Supporting Files";
			sourceTree = "<group>";
		};
/* End PBXGroup section */

/* Begin PBXNativeTarget section */
		39AB2E091C9FA86D006F5BAD /* web */ = {
			isa = PBXNativeTarget;
			buildConfigurationList = 39AB2E211C9FA86D006F5BAD /* Build configuration list for PBXNativeTarget "web" */;
			buildPhases = (
				39AB2E061C9FA86D006F5BAD /* Sources */,
				39AB2E071C9FA86D006F5BAD /* Frameworks */,
				39AB2E081C9FA86D006F5BAD /* Resources */,
			);
			buildRules = (
			);
			dependencies = (
			);
			name = web;
			productName = web;
			productReference = 39AB2E0A1C9FA86D006F5BAD /* web.app */;
			productType = "com.apple.product-type.application";
		};
/* End PBXNativeTarget section */

/* Begin PBXProject section */
		39AB2E021C9FA86D006F5BAD /* Project object */ = {
			isa = PBXProject;
			attributes = {
				LastUpgradeCheck = 0720;
				ORGANIZATIONNAME = "法大大";
				TargetAttributes = {
					39AB2E091C9FA86D006F5BAD = {
						CreatedOnToolsVersion = 7.2.1;
					};
				};
			};
			buildConfigurationList = 39AB2E051C9FA86D006F5BAD /* Build configuration list for PBXProject "web" */;
			compatibilityVersion = "Xcode 3.2";
			developmentRegion = English;
			hasScannedForEncodings = 0;
			knownRegions = (
				en,
				Base,
			);
			mainGroup = 39AB2E011C9FA86D006F5BAD;
			productRefGroup = 39AB2E0B1C9FA86D006F5BAD /* Products */;
			projectDirPath = "";
			projectRoot = "";
			targets = (
				39AB2E091C9FA86D006F5BAD /* web */,
			);
		};
/* End PBXProject section */

/* Begin PBXResourcesBuildPhase section */
		39AB2E081C9FA86D006F5BAD /* Resources */ = {
			isa = PBXResourcesBuildPhase;
			buildActionMask = 2147483647;
			files = (
				39AB2E271C9FE9E9006F5BAD /* test.pdf in Resources */,
				39AB2E1D1C9FA86D006F5BAD /* LaunchScreen.storyboard in Resources */,
				39AB2E1A1C9FA86D006F5BAD /* Assets.xcassets in Resources */,
				39AB2E181C9FA86D006F5BAD /* Main.storyboard in Resources */,
			);
			runOnlyForDeploymentPostprocessing = 0;
		};
/* End PBXResourcesBuildPhase section */

/* Begin PBXSourcesBuildPhase section */
		39AB2E061C9FA86D006F5BAD /* Sources */ = {
			isa = PBXSourcesBuildPhase;
			buildActionMask = 2147483647;
			files = (
				39AB2E151C9FA86D006F5BAD /* ViewController.m in Sources */,
				39AB2E121C9FA86D006F5BAD /* AppDelegate.m in Sources */,
				39AB2E0F1C9FA86D006F5BAD /* main.m in Sources */,
			);
			runOnlyForDeploymentPostprocessing = 0;
		};
/* End PBXSourcesBuildPhase section */

/* Begin PBXVariantGroup section */
		39AB2E161C9FA86D006F5BAD /* Main.storyboard */ = {
			isa = PBXVariantGroup;
			children = (
				39AB2E171C9FA86D006F5BAD /* Base */,
			);
			name = Main.storyboard;
			sourceTree = "<group>";
		};
		39AB2E1B1C9FA86D006F5BAD /* LaunchScreen.storyboard */ = {
			isa = PBXVariantGroup;
			children = (
				39AB2E1C1C9FA86D006F5BAD /* Base */,
			);
			name = LaunchScreen.storyboard;
			sourceTree = "<group>";
		};
/* End PBXVariantGroup section */

/* Begin XCBuildConfiguration section */
		39AB2E1F1C9FA86D006F5BAD /* Debug */ = {
			isa = XCBuildConfiguration;
			buildSettings = {
				ALWAYS_SEARCH_USER_PATHS = NO;
				CLANG_CXX_LANGUAGE_STANDARD = "gnu++0x";
				CLANG_CXX_LIBRARY = "libc++";
				CLANG_ENABLE_MODULES = YES;
				CLANG_ENABLE_OBJC_ARC = YES;
				CLANG_WARN_BOOL_CONVERSION = YES;
				CLANG_WARN_CONSTANT_CONVERSION = YES;
				CLANG_WARN_DIRECT_OBJC_ISA_USAGE = YES_ERROR;
				CLANG_WARN_EMPTY_BODY = YES;
				CLANG_WARN_ENUM_CONVERSION = YES;
				CLANG_WARN_INT_CONVERSION = YES;
				CLANG_WARN_OBJC_ROOT_CLASS = YES_ERROR;
				CLANG_WARN_UNREACHABLE_CODE = YES;
				CLANG_WARN__DUPLICATE_METHOD_MATCH = YES;
				"CODE_SIGN_IDENTITY[sdk=iphoneos*]" = "iPhone Developer";
				COPY_PHASE_STRIP = NO;
				DEBUG_INFORMATION_FORMAT = dwarf;
				ENABLE_STRICT_OBJC_MSGSEND = YES;
				ENABLE_TESTABILITY = YES;
				GCC_C_LANGUAGE_STANDARD = gnu99;
				GCC_DYNAMIC_NO_PIC = NO;
				GCC_NO_COMMON_BLOCKS = YES;
				GCC_OPTIMIZATION_LEVEL = 0;
				GCC_PREPROCESSOR_DEFINITIONS = (
					"DEBUG=1",
					"$(inherited)",
				);
				GCC_WARN_64_TO_32_BIT_CONVERSION = YES;
				GCC_WARN_ABOUT_RETURN_TYPE = YES_ERROR;
				GCC_WARN_UNDECLARED_SELECTOR = YES;
				GCC_WARN_UNINITIALIZED_AUTOS = YES_AGGRESSIVE;
				GCC_WARN_UNUSED_FUNCTION = YES;
				GCC_WARN_UNUSED_VARIABLE = YES;
				IPHONEOS_DEPLOYMENT_TARGET = 9.2;
				MTL_ENABLE_DEBUG_INFO = YES;
				ONLY_ACTIVE_ARCH = YES;
				SDKROOT = iphoneos;
			};
			name = Debug;
		};
		39AB2E201C9FA86D006F5BAD /* Release */ = {
			isa = XCBuildConfiguration;
			buildSettings = {
				ALWAYS_SEARCH_USER_PATHS = NO;
				CLANG_CXX_LANGUAGE_STANDARD = "gnu++0x";
				CLANG_CXX_LIBRARY = "libc++";
				CLANG_ENABLE_MODULES = YES;
				CLANG_ENABLE_OBJC_ARC = YES;
				CLANG_WARN_BOOL_CONVERSION = YES;
				CLANG_WARN_CONSTANT_CONVERSION = YES;
				CLANG_WARN_DIRECT_OBJC_ISA_USAGE = YES_ERROR;
				CLANG_WARN_EMPTY_BODY = YES;
				CLANG_WARN_ENUM_CONVERSION = YES;
				CLANG_WARN_INT_CONVERSION = YES;
				CLANG_WARN_OBJC_ROOT_CLASS = YES_ERROR;
				CLANG_WARN_UNREACHABLE_CODE = YES;
				CLANG_WARN__DUPLICATE_METHOD_MATCH = YES;
				"CODE_SIGN_IDENTITY[sdk=iphoneos*]" = "iPhone Developer";
				COPY_PHASE_STRIP = NO;
				DEBUG_INFORMATION_FORMAT = "dwarf-with-dsym";
				ENABLE_NS_ASSERTIONS = NO;
				ENABLE_STRICT_OBJC_MSGSEND = YES;
				GCC_C_LANGUAGE_STANDARD = gnu99;
				GCC_NO_COMMON_BLOCKS = YES;
				GCC_WARN_64_TO_32_BIT_CONVERSION = YES;
				GCC_WARN_ABOUT_RETURN_TYPE = YES_ERROR;
				GCC_WARN_UNDECLARED_SELECTOR = YES;
				GCC_WARN_UNINITIALIZED_AUTOS = YES_AGGRESSIVE;
				GCC_WARN_UNUSED_FUNCTION = YES;
				GCC_WARN_UNUSED_VARIABLE = YES;
				IPHONEOS_DEPLOYMENT_TARGET = 9.2;
				MTL_ENABLE_DEBUG_INFO = NO;
				SDKROOT = iphoneos;
				VALIDATE_PRODUCT = YES;
			};
			name = Release;
		};
		39AB2E221C9FA86D006F5BAD /* Debug */ = {
			isa = XCBuildConfiguration;
			buildSettings = {
				ASSETCATALOG_COMPILER_APPICON_NAME = AppIcon;
				INFOPLIST_FILE = web/Info.plist;
				LD_RUNPATH_SEARCH_PATHS = "$(inherited) @executable_path/Frameworks";
				PRODUCT_BUNDLE_IDENTIFIER = com.fadada.web;
				PRODUCT_NAME = "$(TARGET_NAME)";
			};
			name = Debug;
		};
		39AB2E231C9FA86D006F5BAD /* Release */ = {
			isa = XCBuildConfiguration;
			buildSettings = {
				ASSETCATALOG_COMPILER_APPICON_NAME = AppIcon;
				INFOPLIST_FILE = web/Info.plist;
				LD_RUNPATH_SEARCH_PATHS = "$(inherited) @executable_path/Frameworks";
				PRODUCT_BUNDLE_IDENTIFIER = com.fadada.web;
				PRODUCT_NAME = "$(TARGET_NAME)";
			};
			name = Release;
		};
/* End XCBuildConfiguration section */

/* Begin XCConfigurationList section */
		39AB2E051C9FA86D006F5BAD /* Build configuration list for PBXProject "web" */ = {
			isa = XCConfigurationList;
			buildConfigurations = (
				39AB2E1F1C9FA86D006F5BAD /* Debug */,
				39AB2E201C9FA86D006F5BAD /* Release */,
			);
			defaultConfigurationIsVisible = 0;
			defaultConfigurationName = Release;
		};
		39AB2E211C9FA86D006F5BAD /* Build configuration list for PBXNativeTarget "web" */ = {
			isa = XCConfigurationList;
			buildConfigurations = (
				39AB2E221C9FA86D006F5BAD /* Debug */,
				39AB2E231C9FA86D006F5BAD /* Release */,
			);
			defaultConfigurationIsVisible = 0;
			defaultConfigurationName = Release;
		};
/* End XCConfigurationList section */
	};
	rootObject = 39AB2E021C9FA86D006F5BAD /* Project object */;
}
